
Microsoft Visual Studio Solution File, Format Version 10.00
# Visual Studio 2008
Project("{FAE04EC0-301F-11D3-BF4B-00C04F79EFBC}") = "HRA Requestor", "HRARequestor\HRA Requestor.csproj", "{402F32BE-57C5-4DCD-BB14-401DFD995245}"
EndProject
Project("{FAE04EC0-301F-11D3-BF4B-00C04F79EFBC}") = "RuntimeDumper", "Test\RuntimeDumper.csproj", "{DFBAE4CE-304E-49A0-B935-F07C96C29A79}"
EndProject
Project("{FAE04EC0-301F-11D3-BF4B-00C04F79EFBC}") = "TestForm", "TestForm\TestForm.csproj", "{B5A57AF5-D2F1-49F2-B02A-9C877BADBED8}"
EndProject
Project("{FAE04EC0-301F-11D3-BF4B-00C04F79EFBC}") = "Test2", "Test2\Test2.csproj", "{D8D98C47-B07F-4601-95F0-5683E0CD2EA5}"
EndProject
Project("{FAE04EC0-301F-11D3-BF4B-00C04F79EFBC}") = "HRA Installer", "HRAInstaller\HRA Installer.csproj", "{72CFF1B6-275E-41CA-8EB2-CDCC8E8C57F7}"
	ProjectSection(ProjectDependencies) = postProject
		{402F32BE-57C5-4DCD-BB14-401DFD995245} = {402F32BE-57C5-4DCD-BB14-401DFD995245}
		{885D42E1-BDF8-43BD-82BB-F916805A9090} = {885D42E1-BDF8-43BD-82BB-F916805A9090}
	EndProjectSection
EndProject
Project("{FAE04EC0-301F-11D3-BF4B-00C04F79EFBC}") = "HRA Launcher", "HRALauncher\HRA Launcher.csproj", "{885D42E1-BDF8-43BD-82BB-F916805A9090}"
EndProject
Project("{FAE04EC0-301F-11D3-BF4B-00C04F79EFBC}") = "DeviceFilter", "DeviceFilter\DeviceFilter.csproj", "{CBC24DD4-E00C-4B6B-B228-FD3B10EA81DA}"
	ProjectSection(ProjectDependencies) = postProject
		{D1177226-105F-4037-85C4-405D41962844} = {D1177226-105F-4037-85C4-405D41962844}
	EndProjectSection
EndProject
Project("{FAE04EC0-301F-11D3-BF4B-00C04F79EFBC}") = "ETEUtils", "ETEUtils\ETEUtils.csproj", "{D1177226-105F-4037-85C4-405D41962844}"
EndProject
Global
	GlobalSection(SolutionConfigurationPlatforms) = preSolution
		Debug|Any CPU = Debug|Any CPU
		Release|Any CPU = Release|Any CPU
	EndGlobalSection
	GlobalSection(ProjectConfigurationPlatforms) = postSolution
		{402F32BE-57C5-4DCD-BB14-401DFD995245}.Debug|Any CPU.ActiveCfg = Debug|Any CPU
		{402F32BE-57C5-4DCD-BB14-401DFD995245}.Debug|Any CPU.Build.0 = Debug|Any CPU
		{402F32BE-57C5-4DCD-BB14-401DFD995245}.Release|Any CPU.ActiveCfg = Release|Any CPU
		{402F32BE-57C5-4DCD-BB14-401DFD995245}.Release|Any CPU.Build.0 = Release|Any CPU
		{DFBAE4CE-304E-49A0-B935-F07C96C29A79}.Debug|Any CPU.ActiveCfg = Debug|Any CPU
		{DFBAE4CE-304E-49A0-B935-F07C96C29A79}.Debug|Any CPU.Build.0 = Debug|Any CPU
		{DFBAE4CE-304E-49A0-B935-F07C96C29A79}.Release|Any CPU.ActiveCfg = Release|Any CPU
		{DFBAE4CE-304E-49A0-B935-F07C96C29A79}.Release|Any CPU.Build.0 = Release|Any CPU
		{B5A57AF5-D2F1-49F2-B02A-9C877BADBED8}.Debug|Any CPU.ActiveCfg = Debug|Any CPU
		{B5A57AF5-D2F1-49F2-B02A-9C877BADBED8}.Debug|Any CPU.Build.0 = Debug|Any CPU
		{B5A57AF5-D2F1-49F2-B02A-9C877BADBED8}.Release|Any CPU.ActiveCfg = Release|Any CPU
		{B5A57AF5-D2F1-49F2-B02A-9C877BADBED8}.Release|Any CPU.Build.0 = Release|Any CPU
		{D8D98C47-B07F-4601-95F0-5683E0CD2EA5}.Debug|Any CPU.ActiveCfg = Debug|Any CPU
		{D8D98C47-B07F-4601-95F0-5683E0CD2EA5}.Debug|Any CPU.Build.0 = Debug|Any CPU
		{D8D98C47-B07F-4601-95F0-5683E0CD2EA5}.Release|Any CPU.ActiveCfg = Release|Any CPU
		{D8D98C47-B07F-4601-95F0-5683E0CD2EA5}.Release|Any CPU.Build.0 = Release|Any CPU
		{72CFF1B6-275E-41CA-8EB2-CDCC8E8C57F7}.Debug|Any CPU.ActiveCfg = Debug|Any CPU
		{72CFF1B6-275E-41CA-8EB2-CDCC8E8C57F7}.Debug|Any CPU.Build.0 = Debug|Any CPU
		{72CFF1B6-275E-41CA-8EB2-CDCC8E8C57F7}.Release|Any CPU.ActiveCfg = Release|Any CPU
		{72CFF1B6-275E-41CA-8EB2-CDCC8E8C57F7}.Release|Any CPU.Build.0 = Release|Any CPU
		{885D42E1-BDF8-43BD-82BB-F916805A9090}.Debug|Any CPU.ActiveCfg = Debug|Any CPU
		{885D42E1-BDF8-43BD-82BB-F916805A9090}.Debug|Any CPU.Build.0 = Debug|Any CPU
		{885D42E1-BDF8-43BD-82BB-F916805A9090}.Release|Any CPU.ActiveCfg = Release|Any CPU
		{885D42E1-BDF8-43BD-82BB-F916805A9090}.Release|Any CPU.Build.0 = Release|Any CPU
		{CBC24DD4-E00C-4B6B-B228-FD3B10EA81DA}.Debug|Any CPU.ActiveCfg = Debug|Any CPU
		{CBC24DD4-E00C-4B6B-B228-FD3B10EA81DA}.Debug|Any CPU.Build.0 = Debug|Any CPU
		{CBC24DD4-E00C-4B6B-B228-FD3B10EA81DA}.Release|Any CPU.ActiveCfg = Release|Any CPU
		{CBC24DD4-E00C-4B6B-B228-FD3B10EA81DA}.Release|Any CPU.Build.0 = Release|Any CPU
		{D1177226-105F-4037-85C4-405D41962844}.Debug|Any CPU.ActiveCfg = Debug|Any CPU
		{D1177226-105F-4037-85C4-405D41962844}.Debug|Any CPU.Build.0 = Debug|Any CPU
		{D1177226-105F-4037-85C4-405D41962844}.Release|Any CPU.ActiveCfg = Release|Any CPU
		{D1177226-105F-4037-85C4-405D41962844}.Release|Any CPU.Build.0 = Release|Any CPU
	EndGlobalSection
	GlobalSection(SolutionProperties) = preSolution
		HideSolutionNode = FALSE
	EndGlobalSection
EndGlobal
